
Microsoft Visual Studio Solution File, Format Version 12.00
# Visual Studio Version 17
VisualStudioVersion = 17.0.31903.59
MinimumVisualStudioVersion = 10.0.40219.1
Project("{2150E333-8FDC-42A3-9474-1A3956D46DE8}") = "src", "src", "{B8C91D54-9DE4-44F2-967F-792E4B8D4D23}"
EndProject
Project("{F2A71F9B-5D33-465A-A702-920D77279786}") = "aoc2015", "src\aoc2015\aoc2015.fsproj", "{B8FE245A-E617-45F4-99D4-FCBB51CCFFDD}"
EndProject
Project("{F2A71F9B-5D33-465A-A702-920D77279786}") = "aoc2023", "src\aoc2023\aoc2023.fsproj", "{556FB891-709B-414C-9E27-91378733ADAB}"
EndProject
Global
	GlobalSection(SolutionConfigurationPlatforms) = preSolution
		Debug|Any CPU = Debug|Any CPU
		Release|Any CPU = Release|Any CPU
	EndGlobalSection
	GlobalSection(SolutionProperties) = preSolution
		HideSolutionNode = FALSE
	EndGlobalSection
	GlobalSection(ProjectConfigurationPlatforms) = postSolution
		{B8FE245A-E617-45F4-99D4-FCBB51CCFFDD}.Debug|Any CPU.ActiveCfg = Debug|Any CPU
		{B8FE245A-E617-45F4-99D4-FCBB51CCFFDD}.Debug|Any CPU.Build.0 = Debug|Any CPU
		{B8FE245A-E617-45F4-99D4-FCBB51CCFFDD}.Release|Any CPU.ActiveCfg = Release|Any CPU
		{B8FE245A-E617-45F4-99D4-FCBB51CCFFDD}.Release|Any CPU.Build.0 = Release|Any CPU
		{556FB891-709B-414C-9E27-91378733ADAB}.Debug|Any CPU.ActiveCfg = Debug|Any CPU
		{556FB891-709B-414C-9E27-91378733ADAB}.Debug|Any CPU.Build.0 = Debug|Any CPU
		{556FB891-709B-414C-9E27-91378733ADAB}.Release|Any CPU.ActiveCfg = Release|Any CPU
		{556FB891-709B-414C-9E27-91378733ADAB}.Release|Any CPU.Build.0 = Release|Any CPU
	EndGlobalSection
	GlobalSection(NestedProjects) = preSolution
		{B8FE245A-E617-45F4-99D4-FCBB51CCFFDD} = {B8C91D54-9DE4-44F2-967F-792E4B8D4D23}
		{556FB891-709B-414C-9E27-91378733ADAB} = {B8C91D54-9DE4-44F2-967F-792E4B8D4D23}
	EndGlobalSection
EndGlobal
